lockfileVersion: '9.0'

settings:
  autoInstallPeers: true
  excludeLinksFromLockfile: false

importers:

  .:
    dependencies:
      '@tauri-apps/api':
        specifier: ^2.4.1
        version: 2.4.1
      window:
        specifier: link:@tauri-apps/api/window
        version: link:@tauri-apps/api/window

packages:

  '@tauri-apps/api@2.4.1':
    resolution: {integrity: sha512-5sYwZCSJb6PBGbBL4kt7CnE5HHbBqwH+ovmOW6ZVju3nX4E3JX6tt2kRklFEH7xMOIwR0btRkZktuLhKvyEQYg==}

snapshots:

  '@tauri-apps/api@2.4.1': {}
